
Microsoft Visual Studio Solution File, Format Version 12.00
# Visual Studio Version 17
VisualStudioVersion = 17.10.34928.147
MinimumVisualStudioVersion = 10.0.40219.1
Project("{9A19103F-16F7-4668-BE54-9A1E7A4F7556}") = "GestioneOrdiniRistorante.Web", "WebApplication1\GestioneOrdiniRistorante.Web.csproj", "{52C61678-3381-4EB5-A379-7657EB11BEF7}"
	ProjectSection(ProjectDependencies) = postProject
		{704DC252-2955-454B-94F2-BAFC68B942E6} = {704DC252-2955-454B-94F2-BAFC68B942E6}
		{A3098151-D34C-4194-ABB7-AA057FEEEBAD} = {A3098151-D34C-4194-ABB7-AA057FEEEBAD}
		{EF4084B0-B30A-49A9-8E2F-7DB729C5FE23} = {EF4084B0-B30A-49A9-8E2F-7DB729C5FE23}
	EndProjectSection
EndProject
Project("{9A19103F-16F7-4668-BE54-9A1E7A4F7556}") = "GestioneOrdiniRistorante.Application", "GestioneOrdiniRistorante.Web\GestioneOrdiniRistorante.Application.csproj", "{EF4084B0-B30A-49A9-8E2F-7DB729C5FE23}"
	ProjectSection(ProjectDependencies) = postProject
		{704DC252-2955-454B-94F2-BAFC68B942E6} = {704DC252-2955-454B-94F2-BAFC68B942E6}
		{A3098151-D34C-4194-ABB7-AA057FEEEBAD} = {A3098151-D34C-4194-ABB7-AA057FEEEBAD}
	EndProjectSection
EndProject
Project("{FAE04EC0-301F-11D3-BF4B-00C04F79EFBC}") = "GestioneOrdiniRistorante.Infrastructure", "GestioneOrdiniRistorante.infrastructure\GestioneOrdiniRistorante.Infrastructure.csproj", "{704DC252-2955-454B-94F2-BAFC68B942E6}"
	ProjectSection(ProjectDependencies) = postProject
		{A3098151-D34C-4194-ABB7-AA057FEEEBAD} = {A3098151-D34C-4194-ABB7-AA057FEEEBAD}
	EndProjectSection
EndProject
Project("{FAE04EC0-301F-11D3-BF4B-00C04F79EFBC}") = "GestioneOrdiniRistorante.Models", "GestioneOrdiniRistorante.Model\GestioneOrdiniRistorante.Models.csproj", "{A3098151-D34C-4194-ABB7-AA057FEEEBAD}"
EndProject
Global
	GlobalSection(SolutionConfigurationPlatforms) = preSolution
		Debug|Any CPU = Debug|Any CPU
		Release|Any CPU = Release|Any CPU
	EndGlobalSection
	GlobalSection(ProjectConfigurationPlatforms) = postSolution
		{52C61678-3381-4EB5-A379-7657EB11BEF7}.Debug|Any CPU.ActiveCfg = Debug|Any CPU
		{52C61678-3381-4EB5-A379-7657EB11BEF7}.Debug|Any CPU.Build.0 = Debug|Any CPU
		{52C61678-3381-4EB5-A379-7657EB11BEF7}.Release|Any CPU.ActiveCfg = Release|Any CPU
		{52C61678-3381-4EB5-A379-7657EB11BEF7}.Release|Any CPU.Build.0 = Release|Any CPU
		{EF4084B0-B30A-49A9-8E2F-7DB729C5FE23}.Debug|Any CPU.ActiveCfg = Debug|Any CPU
		{EF4084B0-B30A-49A9-8E2F-7DB729C5FE23}.Debug|Any CPU.Build.0 = Debug|Any CPU
		{EF4084B0-B30A-49A9-8E2F-7DB729C5FE23}.Release|Any CPU.ActiveCfg = Release|Any CPU
		{EF4084B0-B30A-49A9-8E2F-7DB729C5FE23}.Release|Any CPU.Build.0 = Release|Any CPU
		{704DC252-2955-454B-94F2-BAFC68B942E6}.Debug|Any CPU.ActiveCfg = Debug|Any CPU
		{704DC252-2955-454B-94F2-BAFC68B942E6}.Debug|Any CPU.Build.0 = Debug|Any CPU
		{704DC252-2955-454B-94F2-BAFC68B942E6}.Release|Any CPU.ActiveCfg = Release|Any CPU
		{704DC252-2955-454B-94F2-BAFC68B942E6}.Release|Any CPU.Build.0 = Release|Any CPU
		{A3098151-D34C-4194-ABB7-AA057FEEEBAD}.Debug|Any CPU.ActiveCfg = Debug|Any CPU
		{A3098151-D34C-4194-ABB7-AA057FEEEBAD}.Debug|Any CPU.Build.0 = Debug|Any CPU
		{A3098151-D34C-4194-ABB7-AA057FEEEBAD}.Release|Any CPU.ActiveCfg = Release|Any CPU
		{A3098151-D34C-4194-ABB7-AA057FEEEBAD}.Release|Any CPU.Build.0 = Release|Any CPU
	EndGlobalSection
	GlobalSection(SolutionProperties) = preSolution
		HideSolutionNode = FALSE
	EndGlobalSection
	GlobalSection(ExtensibilityGlobals) = postSolution
		SolutionGuid = {C7215DDA-13EF-4E8D-BFBE-3EDE02B35EED}
	EndGlobalSection
EndGlobal
